
Microsoft Visual Studio Solution File, Format Version 12.00
# Visual Studio 15
VisualStudioVersion = 15.0.28010.2026
MinimumVisualStudioVersion = 10.0.40219.1
Project("{FAE04EC0-301F-11D3-BF4B-00C04F79EFBC}") = "App1.Android", "App1\App1.Android\App1.Android.csproj", "{0534B778-B647-4F42-92F4-C62BAAB8F904}"
EndProject
Project("{FAE04EC0-301F-11D3-BF4B-00C04F79EFBC}") = "App1.iOS", "App1\App1.iOS\App1.iOS.csproj", "{28BB8A10-C3CC-47FF-8F2D-5809A052D727}"
EndProject
Project("{FAE04EC0-301F-11D3-BF4B-00C04F79EFBC}") = "App1.UWP", "App1\App1.UWP\App1.UWP.csproj", "{C3B51656-2B53-4B8E-8572-8971A3CA3783}"
EndProject
Project("{FAE04EC0-301F-11D3-BF4B-00C04F79EFBC}") = "App1", "App1\App1\App1.csproj", "{BCACE906-CF5E-48E6-8BC9-5E68C1D4C786}"
EndProject
Project("{FAE04EC0-301F-11D3-BF4B-00C04F79EFBC}") = "LibraryCalc", "LibraryCalc\LibraryCalc.csproj", "{2C2D7EBC-E407-4155-A1B6-6834049444BC}"
EndProject
Global
	GlobalSection(SolutionConfigurationPlatforms) = preSolution
		Ad-Hoc|Any CPU = Ad-Hoc|Any CPU
		Ad-Hoc|ARM = Ad-Hoc|ARM
		Ad-Hoc|iPhone = Ad-Hoc|iPhone
		Ad-Hoc|iPhoneSimulator = Ad-Hoc|iPhoneSimulator
		Ad-Hoc|x64 = Ad-Hoc|x64
		Ad-Hoc|x86 = Ad-Hoc|x86
		AppStore|Any CPU = AppStore|Any CPU
		AppStore|ARM = AppStore|ARM
		AppStore|iPhone = AppStore|iPhone
		AppStore|iPhoneSimulator = AppStore|iPhoneSimulator
		AppStore|x64 = AppStore|x64
		AppStore|x86 = AppStore|x86
		Debug|Any CPU = Debug|Any CPU
		Debug|ARM = Debug|ARM
		Debug|iPhone = Debug|iPhone
		Debug|iPhoneSimulator = Debug|iPhoneSimulator
		Debug|x64 = Debug|x64
		Debug|x86 = Debug|x86
		Release|Any CPU = Release|Any CPU
		Release|ARM = Release|ARM
		Release|iPhone = Release|iPhone
		Release|iPhoneSimulator = Release|iPhoneSimulator
		Release|x64 = Release|x64
		Release|x86 = Release|x86
	EndGlobalSection
	GlobalSection(ProjectConfigurationPlatforms) = postSolution
		{0534B778-B647-4F42-92F4-C62BAAB8F904}.Ad-Hoc|Any CPU.ActiveCfg = Release|Any CPU
		{0534B778-B647-4F42-92F4-C62BAAB8F904}.Ad-Hoc|Any CPU.Build.0 = Release|Any CPU
		{0534B778-B647-4F42-92F4-C62BAAB8F904}.Ad-Hoc|Any CPU.Deploy.0 = Release|Any CPU
		{0534B778-B647-4F42-92F4-C62BAAB8F904}.Ad-Hoc|ARM.ActiveCfg = Release|Any CPU
		{0534B778-B647-4F42-92F4-C62BAAB8F904}.Ad-Hoc|ARM.Build.0 = Release|Any CPU
		{0534B778-B647-4F42-92F4-C62BAAB8F904}.Ad-Hoc|ARM.Deploy.0 = Release|Any CPU
		{0534B778-B647-4F42-92F4-C62BAAB8F904}.Ad-Hoc|iPhone.ActiveCfg = Release|Any CPU
		{0534B778-B647-4F42-92F4-C62BAAB8F904}.Ad-Hoc|iPhone.Build.0 = Release|Any CPU
		{0534B778-B647-4F42-92F4-C62BAAB8F904}.Ad-Hoc|iPhone.Deploy.0 = Release|Any CPU
		{0534B778-B647-4F42-92F4-C62BAAB8F904}.Ad-Hoc|iPhoneSimulator.ActiveCfg = Release|Any CPU
		{0534B778-B647-4F42-92F4-C62BAAB8F904}.Ad-Hoc|iPhoneSimulator.Build.0 = Release|Any CPU
		{0534B778-B647-4F42-92F4-C62BAAB8F904}.Ad-Hoc|iPhoneSimulator.Deploy.0 = Release|Any CPU
		{0534B778-B647-4F42-92F4-C62BAAB8F904}.Ad-Hoc|x64.ActiveCfg = Release|Any CPU
		{0534B778-B647-4F42-92F4-C62BAAB8F904}.Ad-Hoc|x64.Build.0 = Release|Any CPU
		{0534B778-B647-4F42-92F4-C62BAAB8F904}.Ad-Hoc|x64.Deploy.0 = Release|Any CPU
		{0534B778-B647-4F42-92F4-C62BAAB8F904}.Ad-Hoc|x86.ActiveCfg = Release|Any CPU
		{0534B778-B647-4F42-92F4-C62BAAB8F904}.Ad-Hoc|x86.Build.0 = Release|Any CPU
		{0534B778-B647-4F42-92F4-C62BAAB8F904}.Ad-Hoc|x86.Deploy.0 = Release|Any CPU
		{0534B778-B647-4F42-92F4-C62BAAB8F904}.AppStore|Any CPU.ActiveCfg = Release|Any CPU
		{0534B778-B647-4F42-92F4-C62BAAB8F904}.AppStore|Any CPU.Build.0 = Release|Any CPU
		{0534B778-B647-4F42-92F4-C62BAAB8F904}.AppStore|Any CPU.Deploy.0 = Release|Any CPU
		{0534B778-B647-4F42-92F4-C62BAAB8F904}.AppStore|ARM.ActiveCfg = Release|Any CPU
		{0534B778-B647-4F42-92F4-C62BAAB8F904}.AppStore|ARM.Build.0 = Release|Any CPU
		{0534B778-B647-4F42-92F4-C62BAAB8F904}.AppStore|ARM.Deploy.0 = Release|Any CPU
		{0534B778-B647-4F42-92F4-C62BAAB8F904}.AppStore|iPhone.ActiveCfg = Release|Any CPU
		{0534B778-B647-4F42-92F4-C62BAAB8F904}.AppStore|iPhone.Build.0 = Release|Any CPU
		{0534B778-B647-4F42-92F4-C62BAAB8F904}.AppStore|iPhone.Deploy.0 = Release|Any CPU
		{0534B778-B647-4F42-92F4-C62BAAB8F904}.AppStore|iPhoneSimulator.ActiveCfg = Release|Any CPU
		{0534B778-B647-4F42-92F4-C62BAAB8F904}.AppStore|iPhoneSimulator.Build.0 = Release|Any CPU
		{0534B778-B647-4F42-92F4-C62BAAB8F904}.AppStore|iPhoneSimulator.Deploy.0 = Release|Any CPU
		{0534B778-B647-4F42-92F4-C62BAAB8F904}.AppStore|x64.ActiveCfg = Release|Any CPU
		{0534B778-B647-4F42-92F4-C62BAAB8F904}.AppStore|x64.Build.0 = Release|Any CPU
		{0534B778-B647-4F42-92F4-C62BAAB8F904}.AppStore|x64.Deploy.0 = Release|Any CPU
		{0534B778-B647-4F42-92F4-C62BAAB8F904}.AppStore|x86.ActiveCfg = Release|Any CPU
		{0534B778-B647-4F42-92F4-C62BAAB8F904}.AppStore|x86.Build.0 = Release|Any CPU
		{0534B778-B647-4F42-92F4-C62BAAB8F904}.AppStore|x86.Deploy.0 = Release|Any CPU
		{0534B778-B647-4F42-92F4-C62BAAB8F904}.Debug|Any CPU.ActiveCfg = Debug|Any CPU
		{0534B778-B647-4F42-92F4-C62BAAB8F904}.Debug|Any CPU.Build.0 = Debug|Any CPU
		{0534B778-B647-4F42-92F4-C62BAAB8F904}.Debug|Any CPU.Deploy.0 = Debug|Any CPU
		{0534B778-B647-4F42-92F4-C62BAAB8F904}.Debug|ARM.ActiveCfg = Debug|Any CPU
		{0534B778-B647-4F42-92F4-C62BAAB8F904}.Debug|ARM.Build.0 = Debug|Any CPU
		{0534B778-B647-4F42-92F4-C62BAAB8F904}.Debug|ARM.Deploy.0 = Debug|Any CPU
		{0534B778-B647-4F42-92F4-C62BAAB8F904}.Debug|iPhone.ActiveCfg = Debug|Any CPU
		{0534B778-B647-4F42-92F4-C62BAAB8F904}.Debug|iPhone.Build.0 = Debug|Any CPU
		{0534B778-B647-4F42-92F4-C62BAAB8F904}.Debug|iPhone.Deploy.0 = Debug|Any CPU
		{0534B778-B647-4F42-92F4-C62BAAB8F904}.Debug|iPhoneSimulator.ActiveCfg = Debug|Any CPU
		{0534B778-B647-4F42-92F4-C62BAAB8F904}.Debug|iPhoneSimulator.Build.0 = Debug|Any CPU
		{0534B778-B647-4F42-92F4-C62BAAB8F904}.Debug|iPhoneSimulator.Deploy.0 = Debug|Any CPU
		{0534B778-B647-4F42-92F4-C62BAAB8F904}.Debug|x64.ActiveCfg = Debug|Any CPU
		{0534B778-B647-4F42-92F4-C62BAAB8F904}.Debug|x64.Build.0 = Debug|Any CPU
		{0534B778-B647-4F42-92F4-C62BAAB8F904}.Debug|x64.Deploy.0 = Debug|Any CPU
		{0534B778-B647-4F42-92F4-C62BAAB8F904}.Debug|x86.ActiveCfg = Debug|Any CPU
		{0534B778-B647-4F42-92F4-C62BAAB8F904}.Debug|x86.Build.0 = Debug|Any CPU
		{0534B778-B647-4F42-92F4-C62BAAB8F904}.Debug|x86.Deploy.0 = Debug|Any CPU
		{0534B778-B647-4F42-92F4-C62BAAB8F904}.Release|Any CPU.ActiveCfg = Release|Any CPU
		{0534B778-B647-4F42-92F4-C62BAAB8F904}.Release|Any CPU.Build.0 = Release|Any CPU
		{0534B778-B647-4F42-92F4-C62BAAB8F904}.Release|Any CPU.Deploy.0 = Release|Any CPU
		{0534B778-B647-4F42-92F4-C62BAAB8F904}.Release|ARM.ActiveCfg = Release|Any CPU
		{0534B778-B647-4F42-92F4-C62BAAB8F904}.Release|ARM.Build.0 = Release|Any CPU
		{0534B778-B647-4F42-92F4-C62BAAB8F904}.Release|ARM.Deploy.0 = Release|Any CPU
		{0534B778-B647-4F42-92F4-C62BAAB8F904}.Release|iPhone.ActiveCfg = Release|Any CPU
		{0534B778-B647-4F42-92F4-C62BAAB8F904}.Release|iPhone.Build.0 = Release|Any CPU
		{0534B778-B647-4F42-92F4-C62BAAB8F904}.Release|iPhone.Deploy.0 = Release|Any CPU
		{0534B778-B647-4F42-92F4-C62BAAB8F904}.Release|iPhoneSimulator.ActiveCfg = Release|Any CPU
		{0534B778-B647-4F42-92F4-C62BAAB8F904}.Release|iPhoneSimulator.Build.0 = Release|Any CPU
		{0534B778-B647-4F42-92F4-C62BAAB8F904}.Release|iPhoneSimulator.Deploy.0 = Release|Any CPU
		{0534B778-B647-4F42-92F4-C62BAAB8F904}.Release|x64.ActiveCfg = Release|Any CPU
		{0534B778-B647-4F42-92F4-C62BAAB8F904}.Release|x64.Build.0 = Release|Any CPU
		{0534B778-B647-4F42-92F4-C62BAAB8F904}.Release|x64.Deploy.0 = Release|Any CPU
		{0534B778-B647-4F42-92F4-C62BAAB8F904}.Release|x86.ActiveCfg = Release|Any CPU
		{0534B778-B647-4F42-92F4-C62BAAB8F904}.Release|x86.Build.0 = Release|Any CPU
		{0534B778-B647-4F42-92F4-C62BAAB8F904}.Release|x86.Deploy.0 = Release|Any CPU
		{28BB8A10-C3CC-47FF-8F2D-5809A052D727}.Ad-Hoc|Any CPU.ActiveCfg = Ad-Hoc|iPhone
		{28BB8A10-C3CC-47FF-8F2D-5809A052D727}.Ad-Hoc|Any CPU.Build.0 = Ad-Hoc|iPhone
		{28BB8A10-C3CC-47FF-8F2D-5809A052D727}.Ad-Hoc|Any CPU.Deploy.0 = Ad-Hoc|iPhone
		{28BB8A10-C3CC-47FF-8F2D-5809A052D727}.Ad-Hoc|ARM.ActiveCfg = Ad-Hoc|iPhone
		{28BB8A10-C3CC-47FF-8F2D-5809A052D727}.Ad-Hoc|ARM.Build.0 = Ad-Hoc|iPhone
		{28BB8A10-C3CC-47FF-8F2D-5809A052D727}.Ad-Hoc|ARM.Deploy.0 = Ad-Hoc|iPhone
		{28BB8A10-C3CC-47FF-8F2D-5809A052D727}.Ad-Hoc|iPhone.ActiveCfg = Ad-Hoc|iPhone
		{28BB8A10-C3CC-47FF-8F2D-5809A052D727}.Ad-Hoc|iPhone.Build.0 = Ad-Hoc|iPhone
		{28BB8A10-C3CC-47FF-8F2D-5809A052D727}.Ad-Hoc|iPhone.Deploy.0 = Ad-Hoc|iPhone
		{28BB8A10-C3CC-47FF-8F2D-5809A052D727}.Ad-Hoc|iPhoneSimulator.ActiveCfg = Ad-Hoc|iPhoneSimulator
		{28BB8A10-C3CC-47FF-8F2D-5809A052D727}.Ad-Hoc|iPhoneSimulator.Build.0 = Ad-Hoc|iPhoneSimulator
		{28BB8A10-C3CC-47FF-8F2D-5809A052D727}.Ad-Hoc|iPhoneSimulator.Deploy.0 = Ad-Hoc|iPhoneSimulator
		{28BB8A10-C3CC-47FF-8F2D-5809A052D727}.Ad-Hoc|x64.ActiveCfg = Ad-Hoc|iPhone
		{28BB8A10-C3CC-47FF-8F2D-5809A052D727}.Ad-Hoc|x64.Build.0 = Ad-Hoc|iPhone
		{28BB8A10-C3CC-47FF-8F2D-5809A052D727}.Ad-Hoc|x64.Deploy.0 = Ad-Hoc|iPhone
		{28BB8A10-C3CC-47FF-8F2D-5809A052D727}.Ad-Hoc|x86.ActiveCfg = Ad-Hoc|iPhone
		{28BB8A10-C3CC-47FF-8F2D-5809A052D727}.Ad-Hoc|x86.Build.0 = Ad-Hoc|iPhone
		{28BB8A10-C3CC-47FF-8F2D-5809A052D727}.Ad-Hoc|x86.Deploy.0 = Ad-Hoc|iPhone
		{28BB8A10-C3CC-47FF-8F2D-5809A052D727}.AppStore|Any CPU.ActiveCfg = AppStore|iPhone
		{28BB8A10-C3CC-47FF-8F2D-5809A052D727}.AppStore|Any CPU.Build.0 = AppStore|iPhone
		{28BB8A10-C3CC-47FF-8F2D-5809A052D727}.AppStore|Any CPU.Deploy.0 = AppStore|iPhone
		{28BB8A10-C3CC-47FF-8F2D-5809A052D727}.AppStore|ARM.ActiveCfg = AppStore|iPhone
		{28BB8A10-C3CC-47FF-8F2D-5809A052D727}.AppStore|ARM.Build.0 = AppStore|iPhone
		{28BB8A10-C3CC-47FF-8F2D-5809A052D727}.AppStore|ARM.Deploy.0 = AppStore|iPhone
		{28BB8A10-C3CC-47FF-8F2D-5809A052D727}.AppStore|iPhone.ActiveCfg = AppStore|iPhone
		{28BB8A10-C3CC-47FF-8F2D-5809A052D727}.AppStore|iPhone.Build.0 = AppStore|iPhone
		{28BB8A10-C3CC-47FF-8F2D-5809A052D727}.AppStore|iPhone.Deploy.0 = AppStore|iPhone
		{28BB8A10-C3CC-47FF-8F2D-5809A052D727}.AppStore|iPhoneSimulator.ActiveCfg = AppStore|iPhoneSimulator
		{28BB8A10-C3CC-47FF-8F2D-5809A052D727}.AppStore|iPhoneSimulator.Build.0 = AppStore|iPhoneSimulator
		{28BB8A10-C3CC-47FF-8F2D-5809A052D727}.AppStore|iPhoneSimulator.Deploy.0 = AppStore|iPhoneSimulator
		{28BB8A10-C3CC-47FF-8F2D-5809A052D727}.AppStore|x64.ActiveCfg = AppStore|iPhone
		{28BB8A10-C3CC-47FF-8F2D-5809A052D727}.AppStore|x64.Build.0 = AppStore|iPhone
		{28BB8A10-C3CC-47FF-8F2D-5809A052D727}.AppStore|x64.Deploy.0 = AppStore|iPhone
		{28BB8A10-C3CC-47FF-8F2D-5809A052D727}.AppStore|x86.ActiveCfg = AppStore|iPhone
		{28BB8A10-C3CC-47FF-8F2D-5809A052D727}.AppStore|x86.Build.0 = AppStore|iPhone
		{28BB8A10-C3CC-47FF-8F2D-5809A052D727}.AppStore|x86.Deploy.0 = AppStore|iPhone
		{28BB8A10-C3CC-47FF-8F2D-5809A052D727}.Debug|Any CPU.ActiveCfg = Debug|iPhoneSimulator
		{28BB8A10-C3CC-47FF-8F2D-5809A052D727}.Debug|Any CPU.Build.0 = Debug|iPhoneSimulator
		{28BB8A10-C3CC-47FF-8F2D-5809A052D727}.Debug|Any CPU.Deploy.0 = Debug|iPhoneSimulator
		{28BB8A10-C3CC-47FF-8F2D-5809A052D727}.Debug|ARM.ActiveCfg = Debug|iPhone
		{28BB8A10-C3CC-47FF-8F2D-5809A052D727}.Debug|ARM.Build.0 = Debug|iPhone
		{28BB8A10-C3CC-47FF-8F2D-5809A052D727}.Debug|ARM.Deploy.0 = Debug|iPhone
		{28BB8A10-C3CC-47FF-8F2D-5809A052D727}.Debug|iPhone.ActiveCfg = Debug|iPhone
		{28BB8A10-C3CC-47FF-8F2D-5809A052D727}.Debug|iPhone.Build.0 = Debug|iPhone
		{28BB8A10-C3CC-47FF-8F2D-5809A052D727}.Debug|iPhone.Deploy.0 = Debug|iPhone
		{28BB8A10-C3CC-47FF-8F2D-5809A052D727}.Debug|iPhoneSimulator.ActiveCfg = Debug|iPhoneSimulator
		{28BB8A10-C3CC-47FF-8F2D-5809A052D727}.Debug|iPhoneSimulator.Build.0 = Debug|iPhoneSimulator
		{28BB8A10-C3CC-47FF-8F2D-5809A052D727}.Debug|iPhoneSimulator.Deploy.0 = Debug|iPhoneSimulator
		{28BB8A10-C3CC-47FF-8F2D-5809A052D727}.Debug|x64.ActiveCfg = Debug|iPhone
		{28BB8A10-C3CC-47FF-8F2D-5809A052D727}.Debug|x64.Build.0 = Debug|iPhone
		{28BB8A10-C3CC-47FF-8F2D-5809A052D727}.Debug|x64.Deploy.0 = Debug|iPhone
		{28BB8A10-C3CC-47FF-8F2D-5809A052D727}.Debug|x86.ActiveCfg = Debug|iPhone
		{28BB8A10-C3CC-47FF-8F2D-5809A052D727}.Debug|x86.Build.0 = Debug|iPhone
		{28BB8A10-C3CC-47FF-8F2D-5809A052D727}.Debug|x86.Deploy.0 = Debug|iPhone
		{28BB8A10-C3CC-47FF-8F2D-5809A052D727}.Release|Any CPU.ActiveCfg = Release|iPhone
		{28BB8A10-C3CC-47FF-8F2D-5809A052D727}.Release|Any CPU.Build.0 = Release|iPhone
		{28BB8A10-C3CC-47FF-8F2D-5809A052D727}.Release|Any CPU.Deploy.0 = Release|iPhone
		{28BB8A10-C3CC-47FF-8F2D-5809A052D727}.Release|ARM.ActiveCfg = Release|iPhone
		{28BB8A10-C3CC-47FF-8F2D-5809A052D727}.Release|ARM.Build.0 = Release|iPhone
		{28BB8A10-C3CC-47FF-8F2D-5809A052D727}.Release|ARM.Deploy.0 = Release|iPhone
		{28BB8A10-C3CC-47FF-8F2D-5809A052D727}.Release|iPhone.ActiveCfg = Release|iPhone
		{28BB8A10-C3CC-47FF-8F2D-5809A052D727}.Release|iPhone.Build.0 = Release|iPhone
		{28BB8A10-C3CC-47FF-8F2D-5809A052D727}.Release|iPhone.Deploy.0 = Release|iPhone
		{28BB8A10-C3CC-47FF-8F2D-5809A052D727}.Release|iPhoneSimulator.ActiveCfg = Release|iPhoneSimulator
		{28BB8A10-C3CC-47FF-8F2D-5809A052D727}.Release|iPhoneSimulator.Build.0 = Release|iPhoneSimulator
		{28BB8A10-C3CC-47FF-8F2D-5809A052D727}.Release|iPhoneSimulator.Deploy.0 = Release|iPhoneSimulator
		{28BB8A10-C3CC-47FF-8F2D-5809A052D727}.Release|x64.ActiveCfg = Release|iPhone
		{28BB8A10-C3CC-47FF-8F2D-5809A052D727}.Release|x64.Build.0 = Release|iPhone
		{28BB8A10-C3CC-47FF-8F2D-5809A052D727}.Release|x64.Deploy.0 = Release|iPhone
		{28BB8A10-C3CC-47FF-8F2D-5809A052D727}.Release|x86.ActiveCfg = Release|iPhone
		{28BB8A10-C3CC-47FF-8F2D-5809A052D727}.Release|x86.Build.0 = Release|iPhone
		{28BB8A10-C3CC-47FF-8F2D-5809A052D727}.Release|x86.Deploy.0 = Release|iPhone
		{C3B51656-2B53-4B8E-8572-8971A3CA3783}.Ad-Hoc|Any CPU.ActiveCfg = Release|x86
		{C3B51656-2B53-4B8E-8572-8971A3CA3783}.Ad-Hoc|Any CPU.Build.0 = Release|x86
		{C3B51656-2B53-4B8E-8572-8971A3CA3783}.Ad-Hoc|Any CPU.Deploy.0 = Release|x86
		{C3B51656-2B53-4B8E-8572-8971A3CA3783}.Ad-Hoc|ARM.ActiveCfg = Release|ARM
		{C3B51656-2B53-4B8E-8572-8971A3CA3783}.Ad-Hoc|ARM.Build.0 = Release|ARM
		{C3B51656-2B53-4B8E-8572-8971A3CA3783}.Ad-Hoc|ARM.Deploy.0 = Release|ARM
		{C3B51656-2B53-4B8E-8572-8971A3CA3783}.Ad-Hoc|iPhone.ActiveCfg = Release|x86
		{C3B51656-2B53-4B8E-8572-8971A3CA3783}.Ad-Hoc|iPhone.Build.0 = Release|x86
		{C3B51656-2B53-4B8E-8572-8971A3CA3783}.Ad-Hoc|iPhone.Deploy.0 = Release|x86
		{C3B51656-2B53-4B8E-8572-8971A3CA3783}.Ad-Hoc|iPhoneSimulator.ActiveCfg = Release|x86
		{C3B51656-2B53-4B8E-8572-8971A3CA3783}.Ad-Hoc|iPhoneSimulator.Build.0 = Release|x86
		{C3B51656-2B53-4B8E-8572-8971A3CA3783}.Ad-Hoc|iPhoneSimulator.Deploy.0 = Release|x86
		{C3B51656-2B53-4B8E-8572-8971A3CA3783}.Ad-Hoc|x64.ActiveCfg = Release|x64
		{C3B51656-2B53-4B8E-8572-8971A3CA3783}.Ad-Hoc|x64.Build.0 = Release|x64
		{C3B51656-2B53-4B8E-8572-8971A3CA3783}.Ad-Hoc|x64.Deploy.0 = Release|x64
		{C3B51656-2B53-4B8E-8572-8971A3CA3783}.Ad-Hoc|x86.ActiveCfg = Release|x86
		{C3B51656-2B53-4B8E-8572-8971A3CA3783}.Ad-Hoc|x86.Build.0 = Release|x86
		{C3B51656-2B53-4B8E-8572-8971A3CA3783}.Ad-Hoc|x86.Deploy.0 = Release|x86
		{C3B51656-2B53-4B8E-8572-8971A3CA3783}.AppStore|Any CPU.ActiveCfg = Release|x86
		{C3B51656-2B53-4B8E-8572-8971A3CA3783}.AppStore|Any CPU.Build.0 = Release|x86
		{C3B51656-2B53-4B8E-8572-8971A3CA3783}.AppStore|Any CPU.Deploy.0 = Release|x86
		{C3B51656-2B53-4B8E-8572-8971A3CA3783}.AppStore|ARM.ActiveCfg = Release|ARM
		{C3B51656-2B53-4B8E-8572-8971A3CA3783}.AppStore|ARM.Build.0 = Release|ARM
		{C3B51656-2B53-4B8E-8572-8971A3CA3783}.AppStore|ARM.Deploy.0 = Release|ARM
		{C3B51656-2B53-4B8E-8572-8971A3CA3783}.AppStore|iPhone.ActiveCfg = Release|x86
		{C3B51656-2B53-4B8E-8572-8971A3CA3783}.AppStore|iPhone.Build.0 = Release|x86
		{C3B51656-2B53-4B8E-8572-8971A3CA3783}.AppStore|iPhone.Deploy.0 = Release|x86
		{C3B51656-2B53-4B8E-8572-8971A3CA3783}.AppStore|iPhoneSimulator.ActiveCfg = Release|x86
		{C3B51656-2B53-4B8E-8572-8971A3CA3783}.AppStore|iPhoneSimulator.Build.0 = Release|x86
		{C3B51656-2B53-4B8E-8572-8971A3CA3783}.AppStore|iPhoneSimulator.Deploy.0 = Release|x86
		{C3B51656-2B53-4B8E-8572-8971A3CA3783}.AppStore|x64.ActiveCfg = Release|x64
		{C3B51656-2B53-4B8E-8572-8971A3CA3783}.AppStore|x64.Build.0 = Release|x64
		{C3B51656-2B53-4B8E-8572-8971A3CA3783}.AppStore|x64.Deploy.0 = Release|x64
		{C3B51656-2B53-4B8E-8572-8971A3CA3783}.AppStore|x86.ActiveCfg = Release|x86
		{C3B51656-2B53-4B8E-8572-8971A3CA3783}.AppStore|x86.Build.0 = Release|x86
		{C3B51656-2B53-4B8E-8572-8971A3CA3783}.AppStore|x86.Deploy.0 = Release|x86
		{C3B51656-2B53-4B8E-8572-8971A3CA3783}.Debug|Any CPU.ActiveCfg = Debug|x86
		{C3B51656-2B53-4B8E-8572-8971A3CA3783}.Debug|Any CPU.Build.0 = Debug|x86
		{C3B51656-2B53-4B8E-8572-8971A3CA3783}.Debug|Any CPU.Deploy.0 = Debug|x86
		{C3B51656-2B53-4B8E-8572-8971A3CA3783}.Debug|ARM.ActiveCfg = Debug|ARM
		{C3B51656-2B53-4B8E-8572-8971A3CA3783}.Debug|ARM.Build.0 = Debug|ARM
		{C3B51656-2B53-4B8E-8572-8971A3CA3783}.Debug|ARM.Deploy.0 = Debug|ARM
		{C3B51656-2B53-4B8E-8572-8971A3CA3783}.Debug|iPhone.ActiveCfg = Debug|x86
		{C3B51656-2B53-4B8E-8572-8971A3CA3783}.Debug|iPhone.Build.0 = Debug|x86
		{C3B51656-2B53-4B8E-8572-8971A3CA3783}.Debug|iPhone.Deploy.0 = Debug|x86
		{C3B51656-2B53-4B8E-8572-8971A3CA3783}.Debug|iPhoneSimulator.ActiveCfg = Debug|x86
		{C3B51656-2B53-4B8E-8572-8971A3CA3783}.Debug|iPhoneSimulator.Build.0 = Debug|x86
		{C3B51656-2B53-4B8E-8572-8971A3CA3783}.Debug|iPhoneSimulator.Deploy.0 = Debug|x86
		{C3B51656-2B53-4B8E-8572-8971A3CA3783}.Debug|x64.ActiveCfg = Debug|x64
		{C3B51656-2B53-4B8E-8572-8971A3CA3783}.Debug|x64.Build.0 = Debug|x64
		{C3B51656-2B53-4B8E-8572-8971A3CA3783}.Debug|x64.Deploy.0 = Debug|x64
		{C3B51656-2B53-4B8E-8572-8971A3CA3783}.Debug|x86.ActiveCfg = Debug|x86
		{C3B51656-2B53-4B8E-8572-8971A3CA3783}.Debug|x86.Build.0 = Debug|x86
		{C3B51656-2B53-4B8E-8572-8971A3CA3783}.Debug|x86.Deploy.0 = Debug|x86
		{C3B51656-2B53-4B8E-8572-8971A3CA3783}.Release|Any CPU.ActiveCfg = Release|x86
		{C3B51656-2B53-4B8E-8572-8971A3CA3783}.Release|Any CPU.Build.0 = Release|x86
		{C3B51656-2B53-4B8E-8572-8971A3CA3783}.Release|Any CPU.Deploy.0 = Release|x86
		{C3B51656-2B53-4B8E-8572-8971A3CA3783}.Release|ARM.ActiveCfg = Release|ARM
		{C3B51656-2B53-4B8E-8572-8971A3CA3783}.Release|ARM.Build.0 = Release|ARM
		{C3B51656-2B53-4B8E-8572-8971A3CA3783}.Release|ARM.Deploy.0 = Release|ARM
		{C3B51656-2B53-4B8E-8572-8971A3CA3783}.Release|iPhone.ActiveCfg = Release|x86
		{C3B51656-2B53-4B8E-8572-8971A3CA3783}.Release|iPhone.Build.0 = Release|x86
		{C3B51656-2B53-4B8E-8572-8971A3CA3783}.Release|iPhone.Deploy.0 = Release|x86
		{C3B51656-2B53-4B8E-8572-8971A3CA3783}.Release|iPhoneSimulator.ActiveCfg = Release|x86
		{C3B51656-2B53-4B8E-8572-8971A3CA3783}.Release|iPhoneSimulator.Build.0 = Release|x86
		{C3B51656-2B53-4B8E-8572-8971A3CA3783}.Release|iPhoneSimulator.Deploy.0 = Release|x86
		{C3B51656-2B53-4B8E-8572-8971A3CA3783}.Release|x64.ActiveCfg = Release|x64
		{C3B51656-2B53-4B8E-8572-8971A3CA3783}.Release|x64.Build.0 = Release|x64
		{C3B51656-2B53-4B8E-8572-8971A3CA3783}.Release|x64.Deploy.0 = Release|x64
		{C3B51656-2B53-4B8E-8572-8971A3CA3783}.Release|x86.ActiveCfg = Release|x86
		{C3B51656-2B53-4B8E-8572-8971A3CA3783}.Release|x86.Build.0 = Release|x86
		{C3B51656-2B53-4B8E-8572-8971A3CA3783}.Release|x86.Deploy.0 = Release|x86
		{BCACE906-CF5E-48E6-8BC9-5E68C1D4C786}.Ad-Hoc|Any CPU.ActiveCfg = Debug|Any CPU
		{BCACE906-CF5E-48E6-8BC9-5E68C1D4C786}.Ad-Hoc|Any CPU.Build.0 = Debug|Any CPU
		{BCACE906-CF5E-48E6-8BC9-5E68C1D4C786}.Ad-Hoc|Any CPU.Deploy.0 = Debug|Any CPU
		{BCACE906-CF5E-48E6-8BC9-5E68C1D4C786}.Ad-Hoc|ARM.ActiveCfg = Debug|Any CPU
		{BCACE906-CF5E-48E6-8BC9-5E68C1D4C786}.Ad-Hoc|ARM.Build.0 = Debug|Any CPU
		{BCACE906-CF5E-48E6-8BC9-5E68C1D4C786}.Ad-Hoc|ARM.Deploy.0 = Debug|Any CPU
		{BCACE906-CF5E-48E6-8BC9-5E68C1D4C786}.Ad-Hoc|iPhone.ActiveCfg = Debug|Any CPU
		{BCACE906-CF5E-48E6-8BC9-5E68C1D4C786}.Ad-Hoc|iPhone.Build.0 = Debug|Any CPU
		{BCACE906-CF5E-48E6-8BC9-5E68C1D4C786}.Ad-Hoc|iPhone.Deploy.0 = Debug|Any CPU
		{BCACE906-CF5E-48E6-8BC9-5E68C1D4C786}.Ad-Hoc|iPhoneSimulator.ActiveCfg = Debug|Any CPU
		{BCACE906-CF5E-48E6-8BC9-5E68C1D4C786}.Ad-Hoc|iPhoneSimulator.Build.0 = Debug|Any CPU
		{BCACE906-CF5E-48E6-8BC9-5E68C1D4C786}.Ad-Hoc|iPhoneSimulator.Deploy.0 = Debug|Any CPU
		{BCACE906-CF5E-48E6-8BC9-5E68C1D4C786}.Ad-Hoc|x64.ActiveCfg = Debug|Any CPU
		{BCACE906-CF5E-48E6-8BC9-5E68C1D4C786}.Ad-Hoc|x64.Build.0 = Debug|Any CPU
		{BCACE906-CF5E-48E6-8BC9-5E68C1D4C786}.Ad-Hoc|x64.Deploy.0 = Debug|Any CPU
		{BCACE906-CF5E-48E6-8BC9-5E68C1D4C786}.Ad-Hoc|x86.ActiveCfg = Debug|Any CPU
		{BCACE906-CF5E-48E6-8BC9-5E68C1D4C786}.Ad-Hoc|x86.Build.0 = Debug|Any CPU
		{BCACE906-CF5E-48E6-8BC9-5E68C1D4C786}.Ad-Hoc|x86.Deploy.0 = Debug|Any CPU
		{BCACE906-CF5E-48E6-8BC9-5E68C1D4C786}.AppStore|Any CPU.ActiveCfg = Debug|Any CPU
		{BCACE906-CF5E-48E6-8BC9-5E68C1D4C786}.AppStore|Any CPU.Build.0 = Debug|Any CPU
		{BCACE906-CF5E-48E6-8BC9-5E68C1D4C786}.AppStore|Any CPU.Deploy.0 = Debug|Any CPU
		{BCACE906-CF5E-48E6-8BC9-5E68C1D4C786}.AppStore|ARM.ActiveCfg = Debug|Any CPU
		{BCACE906-CF5E-48E6-8BC9-5E68C1D4C786}.AppStore|ARM.Build.0 = Debug|Any CPU
		{BCACE906-CF5E-48E6-8BC9-5E68C1D4C786}.AppStore|ARM.Deploy.0 = Debug|Any CPU
		{BCACE906-CF5E-48E6-8BC9-5E68C1D4C786}.AppStore|iPhone.ActiveCfg = Debug|Any CPU
		{BCACE906-CF5E-48E6-8BC9-5E68C1D4C786}.AppStore|iPhone.Build.0 = Debug|Any CPU
		{BCACE906-CF5E-48E6-8BC9-5E68C1D4C786}.AppStore|iPhone.Deploy.0 = Debug|Any CPU
		{BCACE906-CF5E-48E6-8BC9-5E68C1D4C786}.AppStore|iPhoneSimulator.ActiveCfg = Debug|Any CPU
		{BCACE906-CF5E-48E6-8BC9-5E68C1D4C786}.AppStore|iPhoneSimulator.Build.0 = Debug|Any CPU
		{BCACE906-CF5E-48E6-8BC9-5E68C1D4C786}.AppStore|iPhoneSimulator.Deploy.0 = Debug|Any CPU
		{BCACE906-CF5E-48E6-8BC9-5E68C1D4C786}.AppStore|x64.ActiveCfg = Debug|Any CPU
		{BCACE906-CF5E-48E6-8BC9-5E68C1D4C786}.AppStore|x64.Build.0 = Debug|Any CPU
		{BCACE906-CF5E-48E6-8BC9-5E68C1D4C786}.AppStore|x64.Deploy.0 = Debug|Any CPU
		{BCACE906-CF5E-48E6-8BC9-5E68C1D4C786}.AppStore|x86.ActiveCfg = Debug|Any CPU
		{BCACE906-CF5E-48E6-8BC9-5E68C1D4C786}.AppStore|x86.Build.0 = Debug|Any CPU
		{BCACE906-CF5E-48E6-8BC9-5E68C1D4C786}.AppStore|x86.Deploy.0 = Debug|Any CPU
		{BCACE906-CF5E-48E6-8BC9-5E68C1D4C786}.Debug|Any CPU.ActiveCfg = Debug|Any CPU
		{BCACE906-CF5E-48E6-8BC9-5E68C1D4C786}.Debug|Any CPU.Build.0 = Debug|Any CPU
		{BCACE906-CF5E-48E6-8BC9-5E68C1D4C786}.Debug|Any CPU.Deploy.0 = Debug|Any CPU
		{BCACE906-CF5E-48E6-8BC9-5E68C1D4C786}.Debug|ARM.ActiveCfg = Debug|Any CPU
		{BCACE906-CF5E-48E6-8BC9-5E68C1D4C786}.Debug|ARM.Build.0 = Debug|Any CPU
		{BCACE906-CF5E-48E6-8BC9-5E68C1D4C786}.Debug|ARM.Deploy.0 = Debug|Any CPU
		{BCACE906-CF5E-48E6-8BC9-5E68C1D4C786}.Debug|iPhone.ActiveCfg = Debug|Any CPU
		{BCACE906-CF5E-48E6-8BC9-5E68C1D4C786}.Debug|iPhone.Build.0 = Debug|Any CPU
		{BCACE906-CF5E-48E6-8BC9-5E68C1D4C786}.Debug|iPhone.Deploy.0 = Debug|Any CPU
		{BCACE906-CF5E-48E6-8BC9-5E68C1D4C786}.Debug|iPhoneSimulator.ActiveCfg = Debug|Any CPU
		{BCACE906-CF5E-48E6-8BC9-5E68C1D4C786}.Debug|iPhoneSimulator.Build.0 = Debug|Any CPU
		{BCACE906-CF5E-48E6-8BC9-5E68C1D4C786}.Debug|iPhoneSimulator.Deploy.0 = Debug|Any CPU
		{BCACE906-CF5E-48E6-8BC9-5E68C1D4C786}.Debug|x64.ActiveCfg = Debug|Any CPU
		{BCACE906-CF5E-48E6-8BC9-5E68C1D4C786}.Debug|x64.Build.0 = Debug|Any CPU
		{BCACE906-CF5E-48E6-8BC9-5E68C1D4C786}.Debug|x64.Deploy.0 = Debug|Any CPU
		{BCACE906-CF5E-48E6-8BC9-5E68C1D4C786}.Debug|x86.ActiveCfg = Debug|Any CPU
		{BCACE906-CF5E-48E6-8BC9-5E68C1D4C786}.Debug|x86.Build.0 = Debug|Any CPU
		{BCACE906-CF5E-48E6-8BC9-5E68C1D4C786}.Debug|x86.Deploy.0 = Debug|Any CPU
		{BCACE906-CF5E-48E6-8BC9-5E68C1D4C786}.Release|Any CPU.ActiveCfg = Release|Any CPU
		{BCACE906-CF5E-48E6-8BC9-5E68C1D4C786}.Release|Any CPU.Build.0 = Release|Any CPU
		{BCACE906-CF5E-48E6-8BC9-5E68C1D4C786}.Release|Any CPU.Deploy.0 = Release|Any CPU
		{BCACE906-CF5E-48E6-8BC9-5E68C1D4C786}.Release|ARM.ActiveCfg = Release|Any CPU
		{BCACE906-CF5E-48E6-8BC9-5E68C1D4C786}.Release|ARM.Build.0 = Release|Any CPU
		{BCACE906-CF5E-48E6-8BC9-5E68C1D4C786}.Release|ARM.Deploy.0 = Release|Any CPU
		{BCACE906-CF5E-48E6-8BC9-5E68C1D4C786}.Release|iPhone.ActiveCfg = Release|Any CPU
		{BCACE906-CF5E-48E6-8BC9-5E68C1D4C786}.Release|iPhone.Build.0 = Release|Any CPU
		{BCACE906-CF5E-48E6-8BC9-5E68C1D4C786}.Release|iPhone.Deploy.0 = Release|Any CPU
		{BCACE906-CF5E-48E6-8BC9-5E68C1D4C786}.Release|iPhoneSimulator.ActiveCfg = Release|Any CPU
		{BCACE906-CF5E-48E6-8BC9-5E68C1D4C786}.Release|iPhoneSimulator.Build.0 = Release|Any CPU
		{BCACE906-CF5E-48E6-8BC9-5E68C1D4C786}.Release|iPhoneSimulator.Deploy.0 = Release|Any CPU
		{BCACE906-CF5E-48E6-8BC9-5E68C1D4C786}.Release|x64.ActiveCfg = Release|Any CPU
		{BCACE906-CF5E-48E6-8BC9-5E68C1D4C786}.Release|x64.Build.0 = Release|Any CPU
		{BCACE906-CF5E-48E6-8BC9-5E68C1D4C786}.Release|x64.Deploy.0 = Release|Any CPU
		{BCACE906-CF5E-48E6-8BC9-5E68C1D4C786}.Release|x86.ActiveCfg = Release|Any CPU
		{BCACE906-CF5E-48E6-8BC9-5E68C1D4C786}.Release|x86.Build.0 = Release|Any CPU
		{BCACE906-CF5E-48E6-8BC9-5E68C1D4C786}.Release|x86.Deploy.0 = Release|Any CPU
		{2C2D7EBC-E407-4155-A1B6-6834049444BC}.Ad-Hoc|Any CPU.ActiveCfg = Release|Any CPU
		{2C2D7EBC-E407-4155-A1B6-6834049444BC}.Ad-Hoc|Any CPU.Build.0 = Release|Any CPU
		{2C2D7EBC-E407-4155-A1B6-6834049444BC}.Ad-Hoc|ARM.ActiveCfg = Release|Any CPU
		{2C2D7EBC-E407-4155-A1B6-6834049444BC}.Ad-Hoc|ARM.Build.0 = Release|Any CPU
		{2C2D7EBC-E407-4155-A1B6-6834049444BC}.Ad-Hoc|iPhone.ActiveCfg = Release|Any CPU
		{2C2D7EBC-E407-4155-A1B6-6834049444BC}.Ad-Hoc|iPhone.Build.0 = Release|Any CPU
		{2C2D7EBC-E407-4155-A1B6-6834049444BC}.Ad-Hoc|iPhoneSimulator.ActiveCfg = Release|Any CPU
		{2C2D7EBC-E407-4155-A1B6-6834049444BC}.Ad-Hoc|iPhoneSimulator.Build.0 = Release|Any CPU
		{2C2D7EBC-E407-4155-A1B6-6834049444BC}.Ad-Hoc|x64.ActiveCfg = Release|Any CPU
		{2C2D7EBC-E407-4155-A1B6-6834049444BC}.Ad-Hoc|x64.Build.0 = Release|Any CPU
		{2C2D7EBC-E407-4155-A1B6-6834049444BC}.Ad-Hoc|x86.ActiveCfg = Release|Any CPU
		{2C2D7EBC-E407-4155-A1B6-6834049444BC}.Ad-Hoc|x86.Build.0 = Release|Any CPU
		{2C2D7EBC-E407-4155-A1B6-6834049444BC}.AppStore|Any CPU.ActiveCfg = Release|Any CPU
		{2C2D7EBC-E407-4155-A1B6-6834049444BC}.AppStore|Any CPU.Build.0 = Release|Any CPU
		{2C2D7EBC-E407-4155-A1B6-6834049444BC}.AppStore|ARM.ActiveCfg = Release|Any CPU
		{2C2D7EBC-E407-4155-A1B6-6834049444BC}.AppStore|ARM.Build.0 = Release|Any CPU
		{2C2D7EBC-E407-4155-A1B6-6834049444BC}.AppStore|iPhone.ActiveCfg = Release|Any CPU
		{2C2D7EBC-E407-4155-A1B6-6834049444BC}.AppStore|iPhone.Build.0 = Release|Any CPU
		{2C2D7EBC-E407-4155-A1B6-6834049444BC}.AppStore|iPhoneSimulator.ActiveCfg = Release|Any CPU
		{2C2D7EBC-E407-4155-A1B6-6834049444BC}.AppStore|iPhoneSimulator.Build.0 = Release|Any CPU
		{2C2D7EBC-E407-4155-A1B6-6834049444BC}.AppStore|x64.ActiveCfg = Release|Any CPU
		{2C2D7EBC-E407-4155-A1B6-6834049444BC}.AppStore|x64.Build.0 = Release|Any CPU
		{2C2D7EBC-E407-4155-A1B6-6834049444BC}.AppStore|x86.ActiveCfg = Release|Any CPU
		{2C2D7EBC-E407-4155-A1B6-6834049444BC}.AppStore|x86.Build.0 = Release|Any CPU
		{2C2D7EBC-E407-4155-A1B6-6834049444BC}.Debug|Any CPU.ActiveCfg = Debug|Any CPU
		{2C2D7EBC-E407-4155-A1B6-6834049444BC}.Debug|Any CPU.Build.0 = Debug|Any CPU
		{2C2D7EBC-E407-4155-A1B6-6834049444BC}.Debug|ARM.ActiveCfg = Debug|Any CPU
		{2C2D7EBC-E407-4155-A1B6-6834049444BC}.Debug|ARM.Build.0 = Debug|Any CPU
		{2C2D7EBC-E407-4155-A1B6-6834049444BC}.Debug|iPhone.ActiveCfg = Debug|Any CPU
		{2C2D7EBC-E407-4155-A1B6-6834049444BC}.Debug|iPhone.Build.0 = Debug|Any CPU
		{2C2D7EBC-E407-4155-A1B6-6834049444BC}.Debug|iPhoneSimulator.ActiveCfg = Debug|Any CPU
		{2C2D7EBC-E407-4155-A1B6-6834049444BC}.Debug|iPhoneSimulator.Build.0 = Debug|Any CPU
		{2C2D7EBC-E407-4155-A1B6-6834049444BC}.Debug|x64.ActiveCfg = Debug|Any CPU
		{2C2D7EBC-E407-4155-A1B6-6834049444BC}.Debug|x64.Build.0 = Debug|Any CPU
		{2C2D7EBC-E407-4155-A1B6-6834049444BC}.Debug|x86.ActiveCfg = Debug|Any CPU
		{2C2D7EBC-E407-4155-A1B6-6834049444BC}.Debug|x86.Build.0 = Debug|Any CPU
		{2C2D7EBC-E407-4155-A1B6-6834049444BC}.Release|Any CPU.ActiveCfg = Release|Any CPU
		{2C2D7EBC-E407-4155-A1B6-6834049444BC}.Release|Any CPU.Build.0 = Release|Any CPU
		{2C2D7EBC-E407-4155-A1B6-6834049444BC}.Release|ARM.ActiveCfg = Release|Any CPU
		{2C2D7EBC-E407-4155-A1B6-6834049444BC}.Release|ARM.Build.0 = Release|Any CPU
		{2C2D7EBC-E407-4155-A1B6-6834049444BC}.Release|iPhone.ActiveCfg = Release|Any CPU
		{2C2D7EBC-E407-4155-A1B6-6834049444BC}.Release|iPhone.Build.0 = Release|Any CPU
		{2C2D7EBC-E407-4155-A1B6-6834049444BC}.Release|iPhoneSimulator.ActiveCfg = Release|Any CPU
		{2C2D7EBC-E407-4155-A1B6-6834049444BC}.Release|iPhoneSimulator.Build.0 = Release|Any CPU
		{2C2D7EBC-E407-4155-A1B6-6834049444BC}.Release|x64.ActiveCfg = Release|Any CPU
		{2C2D7EBC-E407-4155-A1B6-6834049444BC}.Release|x64.Build.0 = Release|Any CPU
		{2C2D7EBC-E407-4155-A1B6-6834049444BC}.Release|x86.ActiveCfg = Release|Any CPU
		{2C2D7EBC-E407-4155-A1B6-6834049444BC}.Release|x86.Build.0 = Release|Any CPU
	EndGlobalSection
	GlobalSection(SolutionProperties) = preSolution
		HideSolutionNode = FALSE
	EndGlobalSection
	GlobalSection(ExtensibilityGlobals) = postSolution
		SolutionGuid = {4BFC1AFB-8329-4519-98A9-D1E803A9E238}
	EndGlobalSection
EndGlobal
